
Microsoft Visual Studio Solution File, Format Version 12.00
# Visual Studio Version 16
VisualStudioVersion = 16.0.31410.357
MinimumVisualStudioVersion = 10.0.40219.1
Project("{FAE04EC0-301F-11D3-BF4B-00C04F79EFBC}") = "GitDemoWebApp", "GitDemoWebApp\GitDemoWebApp.csproj", "{3D2F4BD0-A428-440D-B3B7-4B41875E027E}"
EndProject
Global
	GlobalSection(SolutionConfigurationPlatforms) = preSolution
		Debug|Any CPU = Debug|Any CPU
		Release|Any CPU = Release|Any CPU
	EndGlobalSection
	GlobalSection(ProjectConfigurationPlatforms) = postSolution
		{3D2F4BD0-A428-440D-B3B7-4B41875E027E}.Debug|Any CPU.ActiveCfg = Debug|Any CPU
		{3D2F4BD0-A428-440D-B3B7-4B41875E027E}.Debug|Any CPU.Build.0 = Debug|Any CPU
		{3D2F4BD0-A428-440D-B3B7-4B41875E027E}.Release|Any CPU.ActiveCfg = Release|Any CPU
		{3D2F4BD0-A428-440D-B3B7-4B41875E027E}.Release|Any CPU.Build.0 = Release|Any CPU
	EndGlobalSection
	GlobalSection(SolutionProperties) = preSolution
		HideSolutionNode = FALSE
	EndGlobalSection
	GlobalSection(ExtensibilityGlobals) = postSolution
		SolutionGuid = {698C3D56-1D54-44A5-A71B-CC4236DDD3EA}
	EndGlobalSection
EndGlobal
